
Microsoft Visual Studio Solution File, Format Version 12.00
# Visual Studio Version 17
VisualStudioVersion = 17.0.31912.275
MinimumVisualStudioVersion = 10.0.40219.1
Project("{FAE04EC0-301F-11D3-BF4B-00C04F79EFBC}") = "MonCollection", "MonCollection\MonCollection.csproj", "{AC2C16B1-8DC9-4267-9E8A-D252B723AABE}"
	ProjectSection(ProjectDependencies) = postProject
		{458F541C-D8C1-4567-8770-E7CA9465AED1} = {458F541C-D8C1-4567-8770-E7CA9465AED1}
		{E2168DC0-DB75-45AB-B625-ECA675C0ADE7} = {E2168DC0-DB75-45AB-B625-ECA675C0ADE7}
	EndProjectSection
EndProject
Project("{9A19103F-16F7-4668-BE54-9A1E7A4F7556}") = "PKHeX.Core", "PKHex\PKHeX.Core\PKHeX.Core.csproj", "{E2168DC0-DB75-45AB-B625-ECA675C0ADE7}"
EndProject
Project("{2150E333-8FDC-42A3-9474-1A3956D46DE8}") = "Solution Items", "Solution Items", "{F6F60EBA-B87E-4502-87D5-AF71FB47A225}"
	ProjectSection(SolutionItems) = preProject
		LICENSE.md = LICENSE.md
	EndProjectSection
EndProject
Project("{9A19103F-16F7-4668-BE54-9A1E7A4F7556}") = "PKHeX.WinForms", "PKHex\PKHeX.WinForms\PKHeX.WinForms.csproj", "{D1B91861-A448-4762-A313-C7BC179F4415}"
EndProject
Project("{9A19103F-16F7-4668-BE54-9A1E7A4F7556}") = "PKHeX.Drawing", "PKHex\PKHeX.Drawing\PKHeX.Drawing.csproj", "{458F541C-D8C1-4567-8770-E7CA9465AED1}"
EndProject
Project("{9A19103F-16F7-4668-BE54-9A1E7A4F7556}") = "PKHeX.Drawing.Misc", "PKHex\PKHeX.Drawing.Misc\PKHeX.Drawing.Misc.csproj", "{55251727-D8BF-4C8E-A764-FA48C8891D24}"
EndProject
Project("{9A19103F-16F7-4668-BE54-9A1E7A4F7556}") = "PKHeX.Drawing.PokeSprite", "PKHex\PKHeX.Drawing.PokeSprite\PKHeX.Drawing.PokeSprite.csproj", "{7A9C92EA-F4BF-4A32-B342-A96798D56E4C}"
EndProject
Global
	GlobalSection(SolutionConfigurationPlatforms) = preSolution
		ClickOnce|Any CPU = ClickOnce|Any CPU
		ClickOnce|x86 = ClickOnce|x86
		Debug|Any CPU = Debug|Any CPU
		Debug|x86 = Debug|x86
		Mono-Debug|Any CPU = Mono-Debug|Any CPU
		Mono-Debug|x86 = Mono-Debug|x86
		Mono-Release|Any CPU = Mono-Release|Any CPU
		Mono-Release|x86 = Mono-Release|x86
		Release|Any CPU = Release|Any CPU
		Release|x86 = Release|x86
	EndGlobalSection
	GlobalSection(ProjectConfigurationPlatforms) = postSolution
		{AC2C16B1-8DC9-4267-9E8A-D252B723AABE}.ClickOnce|Any CPU.ActiveCfg = Release|Any CPU
		{AC2C16B1-8DC9-4267-9E8A-D252B723AABE}.ClickOnce|Any CPU.Build.0 = Release|Any CPU
		{AC2C16B1-8DC9-4267-9E8A-D252B723AABE}.ClickOnce|x86.ActiveCfg = Release|Any CPU
		{AC2C16B1-8DC9-4267-9E8A-D252B723AABE}.ClickOnce|x86.Build.0 = Release|Any CPU
		{AC2C16B1-8DC9-4267-9E8A-D252B723AABE}.Debug|Any CPU.ActiveCfg = Debug|Any CPU
		{AC2C16B1-8DC9-4267-9E8A-D252B723AABE}.Debug|Any CPU.Build.0 = Debug|Any CPU
		{AC2C16B1-8DC9-4267-9E8A-D252B723AABE}.Debug|x86.ActiveCfg = Debug|Any CPU
		{AC2C16B1-8DC9-4267-9E8A-D252B723AABE}.Debug|x86.Build.0 = Debug|Any CPU
		{AC2C16B1-8DC9-4267-9E8A-D252B723AABE}.Mono-Debug|Any CPU.ActiveCfg = Debug|Any CPU
		{AC2C16B1-8DC9-4267-9E8A-D252B723AABE}.Mono-Debug|Any CPU.Build.0 = Debug|Any CPU
		{AC2C16B1-8DC9-4267-9E8A-D252B723AABE}.Mono-Debug|x86.ActiveCfg = Debug|Any CPU
		{AC2C16B1-8DC9-4267-9E8A-D252B723AABE}.Mono-Debug|x86.Build.0 = Debug|Any CPU
		{AC2C16B1-8DC9-4267-9E8A-D252B723AABE}.Mono-Release|Any CPU.ActiveCfg = Release|Any CPU
		{AC2C16B1-8DC9-4267-9E8A-D252B723AABE}.Mono-Release|Any CPU.Build.0 = Release|Any CPU
		{AC2C16B1-8DC9-4267-9E8A-D252B723AABE}.Mono-Release|x86.ActiveCfg = Release|Any CPU
		{AC2C16B1-8DC9-4267-9E8A-D252B723AABE}.Mono-Release|x86.Build.0 = Release|Any CPU
		{AC2C16B1-8DC9-4267-9E8A-D252B723AABE}.Release|Any CPU.ActiveCfg = Release|Any CPU
		{AC2C16B1-8DC9-4267-9E8A-D252B723AABE}.Release|Any CPU.Build.0 = Release|Any CPU
		{AC2C16B1-8DC9-4267-9E8A-D252B723AABE}.Release|x86.ActiveCfg = Release|Any CPU
		{AC2C16B1-8DC9-4267-9E8A-D252B723AABE}.Release|x86.Build.0 = Release|Any CPU
		{E2168DC0-DB75-45AB-B625-ECA675C0ADE7}.ClickOnce|Any CPU.ActiveCfg = Release|Any CPU
		{E2168DC0-DB75-45AB-B625-ECA675C0ADE7}.ClickOnce|Any CPU.Build.0 = Release|Any CPU
		{E2168DC0-DB75-45AB-B625-ECA675C0ADE7}.ClickOnce|x86.ActiveCfg = Release|Any CPU
		{E2168DC0-DB75-45AB-B625-ECA675C0ADE7}.ClickOnce|x86.Build.0 = Release|Any CPU
		{E2168DC0-DB75-45AB-B625-ECA675C0ADE7}.Debug|Any CPU.ActiveCfg = Debug|Any CPU
		{E2168DC0-DB75-45AB-B625-ECA675C0ADE7}.Debug|Any CPU.Build.0 = Debug|Any CPU
		{E2168DC0-DB75-45AB-B625-ECA675C0ADE7}.Debug|x86.ActiveCfg = Debug|Any CPU
		{E2168DC0-DB75-45AB-B625-ECA675C0ADE7}.Debug|x86.Build.0 = Debug|Any CPU
		{E2168DC0-DB75-45AB-B625-ECA675C0ADE7}.Mono-Debug|Any CPU.ActiveCfg = Debug|Any CPU
		{E2168DC0-DB75-45AB-B625-ECA675C0ADE7}.Mono-Debug|Any CPU.Build.0 = Debug|Any CPU
		{E2168DC0-DB75-45AB-B625-ECA675C0ADE7}.Mono-Debug|x86.ActiveCfg = Debug|Any CPU
		{E2168DC0-DB75-45AB-B625-ECA675C0ADE7}.Mono-Debug|x86.Build.0 = Debug|Any CPU
		{E2168DC0-DB75-45AB-B625-ECA675C0ADE7}.Mono-Release|Any CPU.ActiveCfg = Release|Any CPU
		{E2168DC0-DB75-45AB-B625-ECA675C0ADE7}.Mono-Release|Any CPU.Build.0 = Release|Any CPU
		{E2168DC0-DB75-45AB-B625-ECA675C0ADE7}.Mono-Release|x86.ActiveCfg = Release|Any CPU
		{E2168DC0-DB75-45AB-B625-ECA675C0ADE7}.Mono-Release|x86.Build.0 = Release|Any CPU
		{E2168DC0-DB75-45AB-B625-ECA675C0ADE7}.Release|Any CPU.ActiveCfg = Release|Any CPU
		{E2168DC0-DB75-45AB-B625-ECA675C0ADE7}.Release|Any CPU.Build.0 = Release|Any CPU
		{E2168DC0-DB75-45AB-B625-ECA675C0ADE7}.Release|x86.ActiveCfg = Release|Any CPU
		{E2168DC0-DB75-45AB-B625-ECA675C0ADE7}.Release|x86.Build.0 = Release|Any CPU
		{D1B91861-A448-4762-A313-C7BC179F4415}.ClickOnce|Any CPU.ActiveCfg = Release|Any CPU
		{D1B91861-A448-4762-A313-C7BC179F4415}.ClickOnce|Any CPU.Build.0 = Release|Any CPU
		{D1B91861-A448-4762-A313-C7BC179F4415}.ClickOnce|x86.ActiveCfg = Release|Any CPU
		{D1B91861-A448-4762-A313-C7BC179F4415}.ClickOnce|x86.Build.0 = Release|Any CPU
		{D1B91861-A448-4762-A313-C7BC179F4415}.Debug|Any CPU.ActiveCfg = Debug|Any CPU
		{D1B91861-A448-4762-A313-C7BC179F4415}.Debug|Any CPU.Build.0 = Debug|Any CPU
		{D1B91861-A448-4762-A313-C7BC179F4415}.Debug|x86.ActiveCfg = Debug|Any CPU
		{D1B91861-A448-4762-A313-C7BC179F4415}.Debug|x86.Build.0 = Debug|Any CPU
		{D1B91861-A448-4762-A313-C7BC179F4415}.Mono-Debug|Any CPU.ActiveCfg = Debug|Any CPU
		{D1B91861-A448-4762-A313-C7BC179F4415}.Mono-Debug|Any CPU.Build.0 = Debug|Any CPU
		{D1B91861-A448-4762-A313-C7BC179F4415}.Mono-Debug|x86.ActiveCfg = Debug|Any CPU
		{D1B91861-A448-4762-A313-C7BC179F4415}.Mono-Debug|x86.Build.0 = Debug|Any CPU
		{D1B91861-A448-4762-A313-C7BC179F4415}.Mono-Release|Any CPU.ActiveCfg = Release|Any CPU
		{D1B91861-A448-4762-A313-C7BC179F4415}.Mono-Release|Any CPU.Build.0 = Release|Any CPU
		{D1B91861-A448-4762-A313-C7BC179F4415}.Mono-Release|x86.ActiveCfg = Release|Any CPU
		{D1B91861-A448-4762-A313-C7BC179F4415}.Mono-Release|x86.Build.0 = Release|Any CPU
		{D1B91861-A448-4762-A313-C7BC179F4415}.Release|Any CPU.ActiveCfg = Release|Any CPU
		{D1B91861-A448-4762-A313-C7BC179F4415}.Release|Any CPU.Build.0 = Release|Any CPU
		{D1B91861-A448-4762-A313-C7BC179F4415}.Release|x86.ActiveCfg = Release|Any CPU
		{D1B91861-A448-4762-A313-C7BC179F4415}.Release|x86.Build.0 = Release|Any CPU
		{458F541C-D8C1-4567-8770-E7CA9465AED1}.ClickOnce|Any CPU.ActiveCfg = Release|Any CPU
		{458F541C-D8C1-4567-8770-E7CA9465AED1}.ClickOnce|Any CPU.Build.0 = Release|Any CPU
		{458F541C-D8C1-4567-8770-E7CA9465AED1}.ClickOnce|x86.ActiveCfg = Release|Any CPU
		{458F541C-D8C1-4567-8770-E7CA9465AED1}.ClickOnce|x86.Build.0 = Release|Any CPU
		{458F541C-D8C1-4567-8770-E7CA9465AED1}.Debug|Any CPU.ActiveCfg = Debug|Any CPU
		{458F541C-D8C1-4567-8770-E7CA9465AED1}.Debug|Any CPU.Build.0 = Debug|Any CPU
		{458F541C-D8C1-4567-8770-E7CA9465AED1}.Debug|x86.ActiveCfg = Debug|Any CPU
		{458F541C-D8C1-4567-8770-E7CA9465AED1}.Debug|x86.Build.0 = Debug|Any CPU
		{458F541C-D8C1-4567-8770-E7CA9465AED1}.Mono-Debug|Any CPU.ActiveCfg = Debug|Any CPU
		{458F541C-D8C1-4567-8770-E7CA9465AED1}.Mono-Debug|Any CPU.Build.0 = Debug|Any CPU
		{458F541C-D8C1-4567-8770-E7CA9465AED1}.Mono-Debug|x86.ActiveCfg = Debug|Any CPU
		{458F541C-D8C1-4567-8770-E7CA9465AED1}.Mono-Debug|x86.Build.0 = Debug|Any CPU
		{458F541C-D8C1-4567-8770-E7CA9465AED1}.Mono-Release|Any CPU.ActiveCfg = Release|Any CPU
		{458F541C-D8C1-4567-8770-E7CA9465AED1}.Mono-Release|Any CPU.Build.0 = Release|Any CPU
		{458F541C-D8C1-4567-8770-E7CA9465AED1}.Mono-Release|x86.ActiveCfg = Release|Any CPU
		{458F541C-D8C1-4567-8770-E7CA9465AED1}.Mono-Release|x86.Build.0 = Release|Any CPU
		{458F541C-D8C1-4567-8770-E7CA9465AED1}.Release|Any CPU.ActiveCfg = Release|Any CPU
		{458F541C-D8C1-4567-8770-E7CA9465AED1}.Release|Any CPU.Build.0 = Release|Any CPU
		{458F541C-D8C1-4567-8770-E7CA9465AED1}.Release|x86.ActiveCfg = Release|Any CPU
		{458F541C-D8C1-4567-8770-E7CA9465AED1}.Release|x86.Build.0 = Release|Any CPU
		{55251727-D8BF-4C8E-A764-FA48C8891D24}.ClickOnce|Any CPU.ActiveCfg = Debug|Any CPU
		{55251727-D8BF-4C8E-A764-FA48C8891D24}.ClickOnce|Any CPU.Build.0 = Debug|Any CPU
		{55251727-D8BF-4C8E-A764-FA48C8891D24}.ClickOnce|x86.ActiveCfg = Debug|Any CPU
		{55251727-D8BF-4C8E-A764-FA48C8891D24}.ClickOnce|x86.Build.0 = Debug|Any CPU
		{55251727-D8BF-4C8E-A764-FA48C8891D24}.Debug|Any CPU.ActiveCfg = Debug|Any CPU
		{55251727-D8BF-4C8E-A764-FA48C8891D24}.Debug|Any CPU.Build.0 = Debug|Any CPU
		{55251727-D8BF-4C8E-A764-FA48C8891D24}.Debug|x86.ActiveCfg = Debug|Any CPU
		{55251727-D8BF-4C8E-A764-FA48C8891D24}.Debug|x86.Build.0 = Debug|Any CPU
		{55251727-D8BF-4C8E-A764-FA48C8891D24}.Mono-Debug|Any CPU.ActiveCfg = Debug|Any CPU
		{55251727-D8BF-4C8E-A764-FA48C8891D24}.Mono-Debug|Any CPU.Build.0 = Debug|Any CPU
		{55251727-D8BF-4C8E-A764-FA48C8891D24}.Mono-Debug|x86.ActiveCfg = Debug|Any CPU
		{55251727-D8BF-4C8E-A764-FA48C8891D24}.Mono-Debug|x86.Build.0 = Debug|Any CPU
		{55251727-D8BF-4C8E-A764-FA48C8891D24}.Mono-Release|Any CPU.ActiveCfg = Release|Any CPU
		{55251727-D8BF-4C8E-A764-FA48C8891D24}.Mono-Release|Any CPU.Build.0 = Release|Any CPU
		{55251727-D8BF-4C8E-A764-FA48C8891D24}.Mono-Release|x86.ActiveCfg = Release|Any CPU
		{55251727-D8BF-4C8E-A764-FA48C8891D24}.Mono-Release|x86.Build.0 = Release|Any CPU
		{55251727-D8BF-4C8E-A764-FA48C8891D24}.Release|Any CPU.ActiveCfg = Release|Any CPU
		{55251727-D8BF-4C8E-A764-FA48C8891D24}.Release|Any CPU.Build.0 = Release|Any CPU
		{55251727-D8BF-4C8E-A764-FA48C8891D24}.Release|x86.ActiveCfg = Release|Any CPU
		{55251727-D8BF-4C8E-A764-FA48C8891D24}.Release|x86.Build.0 = Release|Any CPU
		{7A9C92EA-F4BF-4A32-B342-A96798D56E4C}.ClickOnce|Any CPU.ActiveCfg = Debug|Any CPU
		{7A9C92EA-F4BF-4A32-B342-A96798D56E4C}.ClickOnce|Any CPU.Build.0 = Debug|Any CPU
		{7A9C92EA-F4BF-4A32-B342-A96798D56E4C}.ClickOnce|x86.ActiveCfg = Debug|Any CPU
		{7A9C92EA-F4BF-4A32-B342-A96798D56E4C}.ClickOnce|x86.Build.0 = Debug|Any CPU
		{7A9C92EA-F4BF-4A32-B342-A96798D56E4C}.Debug|Any CPU.ActiveCfg = Debug|Any CPU
		{7A9C92EA-F4BF-4A32-B342-A96798D56E4C}.Debug|Any CPU.Build.0 = Debug|Any CPU
		{7A9C92EA-F4BF-4A32-B342-A96798D56E4C}.Debug|x86.ActiveCfg = Debug|Any CPU
		{7A9C92EA-F4BF-4A32-B342-A96798D56E4C}.Debug|x86.Build.0 = Debug|Any CPU
		{7A9C92EA-F4BF-4A32-B342-A96798D56E4C}.Mono-Debug|Any CPU.ActiveCfg = Debug|Any CPU
		{7A9C92EA-F4BF-4A32-B342-A96798D56E4C}.Mono-Debug|Any CPU.Build.0 = Debug|Any CPU
		{7A9C92EA-F4BF-4A32-B342-A96798D56E4C}.Mono-Debug|x86.ActiveCfg = Debug|Any CPU
		{7A9C92EA-F4BF-4A32-B342-A96798D56E4C}.Mono-Debug|x86.Build.0 = Debug|Any CPU
		{7A9C92EA-F4BF-4A32-B342-A96798D56E4C}.Mono-Release|Any CPU.ActiveCfg = Release|Any CPU
		{7A9C92EA-F4BF-4A32-B342-A96798D56E4C}.Mono-Release|Any CPU.Build.0 = Release|Any CPU
		{7A9C92EA-F4BF-4A32-B342-A96798D56E4C}.Mono-Release|x86.ActiveCfg = Release|Any CPU
		{7A9C92EA-F4BF-4A32-B342-A96798D56E4C}.Mono-Release|x86.Build.0 = Release|Any CPU
		{7A9C92EA-F4BF-4A32-B342-A96798D56E4C}.Release|Any CPU.ActiveCfg = Release|Any CPU
		{7A9C92EA-F4BF-4A32-B342-A96798D56E4C}.Release|Any CPU.Build.0 = Release|Any CPU
		{7A9C92EA-F4BF-4A32-B342-A96798D56E4C}.Release|x86.ActiveCfg = Release|Any CPU
		{7A9C92EA-F4BF-4A32-B342-A96798D56E4C}.Release|x86.Build.0 = Release|Any CPU
	EndGlobalSection
	GlobalSection(SolutionProperties) = preSolution
		HideSolutionNode = FALSE
	EndGlobalSection
	GlobalSection(ExtensibilityGlobals) = postSolution
		SolutionGuid = {953D67C3-1514-442F-B45E-8C965DB74ABE}
	EndGlobalSection
EndGlobal
